
Microsoft Visual Studio Solution File, Format Version 12.00
# Visual Studio Version 16
VisualStudioVersion = 16.0.29920.165
MinimumVisualStudioVersion = 10.0.40219.1
Project("{9A19103F-16F7-4668-BE54-9A1E7A4F7556}") = "PhoneBook", "PhoneBook.csproj", "{1BC7E538-DBB8-4400-8E3B-35126EB75252}"
EndProject
Global
	GlobalSection(SolutionConfigurationPlatforms) = preSolution
		Debug|Any CPU = Debug|Any CPU
		Release|Any CPU = Release|Any CPU
	EndGlobalSection
	GlobalSection(ProjectConfigurationPlatforms) = postSolution
		{1BC7E538-DBB8-4400-8E3B-35126EB75252}.Debug|Any CPU.ActiveCfg = Debug|Any CPU
		{1BC7E538-DBB8-4400-8E3B-35126EB75252}.Debug|Any CPU.Build.0 = Debug|Any CPU
		{1BC7E538-DBB8-4400-8E3B-35126EB75252}.Release|Any CPU.ActiveCfg = Release|Any CPU
		{1BC7E538-DBB8-4400-8E3B-35126EB75252}.Release|Any CPU.Build.0 = Release|Any CPU
	EndGlobalSection
	GlobalSection(SolutionProperties) = preSolution
		HideSolutionNode = FALSE
	EndGlobalSection
	GlobalSection(ExtensibilityGlobals) = postSolution
		SolutionGuid = {66CCF0D5-60FE-4F67-918C-65F647B7671B}
	EndGlobalSection
EndGlobal
